
Microsoft Visual Studio Solution File, Format Version 12.00
# Visual Studio Version 17
VisualStudioVersion = 17.4.33110.190
MinimumVisualStudioVersion = 10.0.40219.1
Project("{FAE04EC0-301F-11D3-BF4B-00C04F79EFBC}") = "U1W1-OOP1_ConsoleCV", "U1W1-OOP1_ConsoleCV\U1W1-OOP1_ConsoleCV.csproj", "{63473034-38BB-4405-93A4-18DAD56003F1}"
EndProject
Global
	GlobalSection(SolutionConfigurationPlatforms) = preSolution
		Debug|Any CPU = Debug|Any CPU
		Release|Any CPU = Release|Any CPU
	EndGlobalSection
	GlobalSection(ProjectConfigurationPlatforms) = postSolution
		{63473034-38BB-4405-93A4-18DAD56003F1}.Debug|Any CPU.ActiveCfg = Debug|Any CPU
		{63473034-38BB-4405-93A4-18DAD56003F1}.Debug|Any CPU.Build.0 = Debug|Any CPU
		{63473034-38BB-4405-93A4-18DAD56003F1}.Release|Any CPU.ActiveCfg = Release|Any CPU
		{63473034-38BB-4405-93A4-18DAD56003F1}.Release|Any CPU.Build.0 = Release|Any CPU
	EndGlobalSection
	GlobalSection(SolutionProperties) = preSolution
		HideSolutionNode = FALSE
	EndGlobalSection
	GlobalSection(ExtensibilityGlobals) = postSolution
		SolutionGuid = {8AAD9AE8-10A0-49D0-96B2-A4CEDBE7F4B6}
	EndGlobalSection
EndGlobal
